// !$*UTF8*$!
{
	archiveVersion = 1;
	classes = {
	};
	objectVersion = 56;
	objects = {

/* Begin PBXBuildFile section */
		0638EECC2BDE6915002D0C00 /* AyarlarVC.swift in Sources */ = {isa = PBXBuildFile; fileRef = 0638EECB2BDE6915002D0C00 /* AyarlarVC.swift */; };
		06EC78362BDE63CB004361E1 /* AppDelegate.swift in Sources */ = {isa = PBXBuildFile; fileRef = 06EC78352BDE63CB004361E1 /* AppDelegate.swift */; };
		06EC78382BDE63CB004361E1 /* SceneDelegate.swift in Sources */ = {isa = PBXBuildFile; fileRef = 06EC78372BDE63CB004361E1 /* SceneDelegate.swift */; };
		06EC783A2BDE63CB004361E1 /* ViewController.swift in Sources */ = {isa = PBXBuildFile; fileRef = 06EC78392BDE63CB004361E1 /* ViewController.swift */; };
		06EC783D2BDE63CB004361E1 /* Base in Resources */ = {isa = PBXBuildFile; fileRef = 06EC783C2BDE63CB004361E1 /* Base */; };
		06EC783F2BDE63CD004361E1 /* Assets.xcassets in Resources */ = {isa = PBXBuildFile; fileRef = 06EC783E2BDE63CD004361E1 /* Assets.xcassets */; };
		06EC78422BDE63CD004361E1 /* Base in Resources */ = {isa = PBXBuildFile; fileRef = 06EC78412BDE63CD004361E1 /* Base */; };
		06EC784D2BDE63CD004361E1 /* TabbarKullanimiTests.swift in Sources */ = {isa = PBXBuildFile; fileRef = 06EC784C2BDE63CD004361E1 /* TabbarKullanimiTests.swift */; };
		06EC78572BDE63CD004361E1 /* TabbarKullanimiUITests.swift in Sources */ = {isa = PBXBuildFile; fileRef = 06EC78562BDE63CD004361E1 /* TabbarKullanimiUITests.swift */; };
		06EC78592BDE63CD004361E1 /* TabbarKullanimiUITestsLaunchTests.swift in Sources */ = {isa = PBXBuildFile; fileRef = 06EC78582BDE63CD004361E1 /* TabbarKullanimiUITestsLaunchTests.swift */; };
/* End PBXBuildFile section */

/* Begin PBXContainerItemProxy section */
		06EC78492BDE63CD004361E1 /* PBXContainerItemProxy */ = {
			isa = PBXContainerItemProxy;
			containerPortal = 06EC782A2BDE63CB004361E1 /* Project object */;
			proxyType = 1;
			remoteGlobalIDString = 06EC78312BDE63CB004361E1;
			remoteInfo = TabbarKullanimi;
		};
		06EC78532BDE63CD004361E1 /* PBXContainerItemProxy */ = {
			isa = PBXContainerItemProxy;
			containerPortal = 06EC782A2BDE63CB004361E1 /* Project object */;
			proxyType = 1;
			remoteGlobalIDString = 06EC78312BDE63CB004361E1;
			remoteInfo = TabbarKullanimi;
		};
/* End PBXContainerItemProxy section */

/* Begin PBXFileReference section */
		0638EECB2BDE6915002D0C00 /* AyarlarVC.swift */ = {isa = PBXFileReference; lastKnownFileType = sourcecode.swift; path = AyarlarVC.swift; sourceTree = "<group>"; };
		06EC78322BDE63CB004361E1 /* TabbarKullanimi.app */ = {isa = PBXFileReference; explicitFileType = wrapper.application; includeInIndex = 0; path = TabbarKullanimi.app; sourceTree = BUILT_PRODUCTS_DIR; };
		06EC78352BDE63CB004361E1 /* AppDelegate.swift */ = {isa = PBXFileReference; lastKnownFileType = sourcecode.swift; path = AppDelegate.swift; sourceTree = "<group>"; };
		06EC78372BDE63CB004361E1 /* SceneDelegate.swift */ = {isa = PBXFileReference; lastKnownFileType = sourcecode.swift; path = SceneDelegate.swift; sourceTree = "<group>"; };
		06EC78392BDE63CB004361E1 /* ViewController.swift */ = {isa = PBXFileReference; lastKnownFileType = sourcecode.swift; path = ViewController.swift; sourceTree = "<group>"; };
		06EC783C2BDE63CB004361E1 /* Base */ = {isa = PBXFileReference; lastKnownFileType = file.storyboard; name = Base; path = Base.lproj/Main.storyboard; sourceTree = "<group>"; };
		06EC783E2BDE63CD004361E1 /* Assets.xcassets */ = {isa = PBXFileReference; lastKnownFileType = folder.assetcatalog; path = Assets.xcassets; sourceTree = "<group>"; };
		06EC78412BDE63CD004361E1 /* Base */ = {isa = PBXFileReference; lastKnownFileType = file.storyboard; name = Base; path = Base.lproj/LaunchScreen.storyboard; sourceTree = "<group>"; };
		06EC78432BDE63CD004361E1 /* Info.plist */ = {isa = PBXFileReference; lastKnownFileType = text.plist.xml; path = Info.plist; sourceTree = "<group>"; };
		06EC78482BDE63CD004361E1 /* TabbarKullanimiTests.xctest */ = {isa = PBXFileReference; explicitFileType = wrapper.cfbundle; includeInIndex = 0; path = TabbarKullanimiTests.xctest; sourceTree = BUILT_PRODUCTS_DIR; };
		06EC784C2BDE63CD004361E1 /* TabbarKullanimiTests.swift */ = {isa = PBXFileReference; lastKnownFileType = sourcecode.swift; path = TabbarKullanimiTests.swift; sourceTree = "<group>"; };
		06EC78522BDE63CD004361E1 /* TabbarKullanimiUITests.xctest */ = {isa = PBXFileReference; explicitFileType = wrapper.cfbundle; includeInIndex = 0; path = TabbarKullanimiUITests.xctest; sourceTree = BUILT_PRODUCTS_DIR; };
		06EC78562BDE63CD004361E1 /* TabbarKullanimiUITests.swift */ = {isa = PBXFileReference; lastKnownFileType = sourcecode.swift; path = TabbarKullanimiUITests.swift; sourceTree = "<group>"; };
		06EC78582BDE63CD004361E1 /* TabbarKullanimiUITestsLaunchTests.swift */ = {isa = PBXFileReference; lastKnownFileType = sourcecode.swift; path = TabbarKullanimiUITestsLaunchTests.swift; sourceTree = "<group>"; };
/* End PBXFileReference section */

/* Begin PBXFrameworksBuildPhase section */
		06EC782F2BDE63CB004361E1 /* Frameworks */ = {
			isa = PBXFrameworksBuildPhase;
			buildActionMask = 2147483647;
			files = (
			);
			runOnlyForDeploymentPostprocessing = 0;
		};
		06EC78452BDE63CD004361E1 /* Frameworks */ = {
			isa = PBXFrameworksBuildPhase;
			buildActionMask = 2147483647;
			files = (
			);
			runOnlyForDeploymentPostprocessing = 0;
		};
		06EC784F2BDE63CD004361E1 /* Frameworks */ = {
			isa = PBXFrameworksBuildPhase;
			buildActionMask = 2147483647;
			files = (
			);
			runOnlyForDeploymentPostprocessing = 0;
		};
/* End PBXFrameworksBuildPhase section */

/* Begin PBXGroup section */
		06EC78292BDE63CB004361E1 = {
			isa = PBXGroup;
			children = (
				06EC78342BDE63CB004361E1 /* TabbarKullanimi */,
				06EC784B2BDE63CD004361E1 /* TabbarKullanimiTests */,
				06EC78552BDE63CD004361E1 /* TabbarKullanimiUITests */,
				06EC78332BDE63CB004361E1 /* Products */,
			);
			sourceTree = "<group>";
		};
		06EC78332BDE63CB004361E1 /* Products */ = {
			isa = PBXGroup;
			children = (
				06EC78322BDE63CB004361E1 /* TabbarKullanimi.app */,
				06EC78482BDE63CD004361E1 /* TabbarKullanimiTests.xctest */,
				06EC78522BDE63CD004361E1 /* TabbarKullanimiUITests.xctest */,
			);
			name = Products;
			sourceTree = "<group>";
		};
		06EC78342BDE63CB004361E1 /* TabbarKullanimi */ = {
			isa = PBXGroup;
			children = (
				06EC78352BDE63CB004361E1 /* AppDelegate.swift */,
				06EC78372BDE63CB004361E1 /* SceneDelegate.swift */,
				06EC78392BDE63CB004361E1 /* ViewController.swift */,
				0638EECB2BDE6915002D0C00 /* AyarlarVC.swift */,
				06EC783B2BDE63CB004361E1 /* Main.storyboard */,
				06EC783E2BDE63CD004361E1 /* Assets.xcassets */,
				06EC78402BDE63CD004361E1 /* LaunchScreen.storyboard */,
				06EC78432BDE63CD004361E1 /* Info.plist */,
			);
			path = TabbarKullanimi;
			sourceTree = "<group>";
		};
		06EC784B2BDE63CD004361E1 /* TabbarKullanimiTests */ = {
			isa = PBXGroup;
			children = (
				06EC784C2BDE63CD004361E1 /* TabbarKullanimiTests.swift */,
			);
			path = TabbarKullanimiTests;
			sourceTree = "<group>";
		};
		06EC78552BDE63CD004361E1 /* TabbarKullanimiUITests */ = {
			isa = PBXGroup;
			children = (
				06EC78562BDE63CD004361E1 /* TabbarKullanimiUITests.swift */,
				06EC78582BDE63CD004361E1 /* TabbarKullanimiUITestsLaunchTests.swift */,
			);
			path = TabbarKullanimiUITests;
			sourceTree = "<group>";
		};
/* End PBXGroup section */

/* Begin PBXNativeTarget section */
		06EC78312BDE63CB004361E1 /* TabbarKullanimi */ = {
			isa = PBXNativeTarget;
			buildConfigurationList = 06EC785C2BDE63CD004361E1 /* Build configuration list for PBXNativeTarget "TabbarKullanimi" */;
			buildPhases = (
				06EC782E2BDE63CB004361E1 /* Sources */,
				06EC782F2BDE63CB004361E1 /* Frameworks */,
				06EC78302BDE63CB004361E1 /* Resources */,
			);
			buildRules = (
			);
			dependencies = (
			);
			name = TabbarKullanimi;
			productName = TabbarKullanimi;
			productReference = 06EC78322BDE63CB004361E1 /* TabbarKullanimi.app */;
			productType = "com.apple.product-type.application";
		};
		06EC78472BDE63CD004361E1 /* TabbarKullanimiTests */ = {
			isa = PBXNativeTarget;
			buildConfigurationList = 06EC785F2BDE63CD004361E1 /* Build configuration list for PBXNativeTarget "TabbarKullanimiTests" */;
			buildPhases = (
				06EC78442BDE63CD004361E1 /* Sources */,
				06EC78452BDE63CD004361E1 /* Frameworks */,
				06EC78462BDE63CD004361E1 /* Resources */,
			);
			buildRules = (
			);
			dependencies = (
				06EC784A2BDE63CD004361E1 /* PBXTargetDependency */,
			);
			name = TabbarKullanimiTests;
			productName = TabbarKullanimiTests;
			productReference = 06EC78482BDE63CD004361E1 /* TabbarKullanimiTests.xctest */;
			productType = "com.apple.product-type.bundle.unit-test";
		};
		06EC78512BDE63CD004361E1 /* TabbarKullanimiUITests */ = {
			isa = PBXNativeTarget;
			buildConfigurationList = 06EC78622BDE63CD004361E1 /* Build configuration list for PBXNativeTarget "TabbarKullanimiUITests" */;
			buildPhases = (
				06EC784E2BDE63CD004361E1 /* Sources */,
				06EC784F2BDE63CD004361E1 /* Frameworks */,
				06EC78502BDE63CD004361E1 /* Resources */,
			);
			buildRules = (
			);
			dependencies = (
				06EC78542BDE63CD004361E1 /* PBXTargetDependency */,
			);
			name = TabbarKullanimiUITests;
			productName = TabbarKullanimiUITests;
			productReference = 06EC78522BDE63CD004361E1 /* TabbarKullanimiUITests.xctest */;
			productType = "com.apple.product-type.bundle.ui-testing";
		};
/* End PBXNativeTarget section */

/* Begin PBXProject section */
		06EC782A2BDE63CB004361E1 /* Project object */ = {
			isa = PBXProject;
			attributes = {
				BuildIndependentTargetsInParallel = 1;
				LastSwiftUpdateCheck = 1530;
				LastUpgradeCheck = 1530;
				TargetAttributes = {
					06EC78312BDE63CB004361E1 = {
						CreatedOnToolsVersion = 15.3;
					};
					06EC78472BDE63CD004361E1 = {
						CreatedOnToolsVersion = 15.3;
						TestTargetID = 06EC78312BDE63CB004361E1;
					};
					06EC78512BDE63CD004361E1 = {
						CreatedOnToolsVersion = 15.3;
						TestTargetID = 06EC78312BDE63CB004361E1;
					};
				};
			};
			buildConfigurationList = 06EC782D2BDE63CB004361E1 /* Build configuration list for PBXProject "TabbarKullanimi" */;
			compatibilityVersion = "Xcode 14.0";
			developmentRegion = en;
			hasScannedForEncodings = 0;
			knownRegions = (
				en,
				Base,
			);
			mainGroup = 06EC78292BDE63CB004361E1;
			productRefGroup = 06EC78332BDE63CB004361E1 /* Products */;
			projectDirPath = "";
			projectRoot = "";
			targets = (
				06EC78312BDE63CB004361E1 /* TabbarKullanimi */,
				06EC78472BDE63CD004361E1 /* TabbarKullanimiTests */,
				06EC78512BDE63CD004361E1 /* TabbarKullanimiUITests */,
			);
		};
/* End PBXProject section */

/* Begin PBXResourcesBuildPhase section */
		06EC78302BDE63CB004361E1 /* Resources */ = {
			isa = PBXResourcesBuildPhase;
			buildActionMask = 2147483647;
			files = (
				06EC783F2BDE63CD004361E1 /* Assets.xcassets in Resources */,
				06EC78422BDE63CD004361E1 /* Base in Resources */,
				06EC783D2BDE63CB004361E1 /* Base in Resources */,
			);
			runOnlyForDeploymentPostprocessing = 0;
		};
		06EC78462BDE63CD004361E1 /* Resources */ = {
			isa = PBXResourcesBuildPhase;
			buildActionMask = 2147483647;
			files = (
			);
			runOnlyForDeploymentPostprocessing = 0;
		};
		06EC78502BDE63CD004361E1 /* Resources */ = {
			isa = PBXResourcesBuildPhase;
			buildActionMask = 2147483647;
			files = (
			);
			runOnlyForDeploymentPostprocessing = 0;
		};
/* End PBXResourcesBuildPhase section */

/* Begin PBXSourcesBuildPhase section */
		06EC782E2BDE63CB004361E1 /* Sources */ = {
			isa = PBXSourcesBuildPhase;
			buildActionMask = 2147483647;
			files = (
				06EC783A2BDE63CB004361E1 /* ViewController.swift in Sources */,
				06EC78362BDE63CB004361E1 /* AppDelegate.swift in Sources */,
				06EC78382BDE63CB004361E1 /* SceneDelegate.swift in Sources */,
				0638EECC2BDE6915002D0C00 /* AyarlarVC.swift in Sources */,
			);
			runOnlyForDeploymentPostprocessing = 0;
		};
		06EC78442BDE63CD004361E1 /* Sources */ = {
			isa = PBXSourcesBuildPhase;
			buildActionMask = 2147483647;
			files = (
				06EC784D2BDE63CD004361E1 /* TabbarKullanimiTests.swift in Sources */,
			);
			runOnlyForDeploymentPostprocessing = 0;
		};
		06EC784E2BDE63CD004361E1 /* Sources */ = {
			isa = PBXSourcesBuildPhase;
			buildActionMask = 2147483647;
			files = (
				06EC78572BDE63CD004361E1 /* TabbarKullanimiUITests.swift in Sources */,
				06EC78592BDE63CD004361E1 /* TabbarKullanimiUITestsLaunchTests.swift in Sources */,
			);
			runOnlyForDeploymentPostprocessing = 0;
		};
/* End PBXSourcesBuildPhase section */

/* Begin PBXTargetDependency section */
		06EC784A2BDE63CD004361E1 /* PBXTargetDependency */ = {
			isa = PBXTargetDependency;
			target = 06EC78312BDE63CB004361E1 /* TabbarKullanimi */;
			targetProxy = 06EC78492BDE63CD004361E1 /* PBXContainerItemProxy */;
		};
		06EC78542BDE63CD004361E1 /* PBXTargetDependency */ = {
			isa = PBXTargetDependency;
			target = 06EC78312BDE63CB004361E1 /* TabbarKullanimi */;
			targetProxy = 06EC78532BDE63CD004361E1 /* PBXContainerItemProxy */;
		};
/* End PBXTargetDependency section */

/* Begin PBXVariantGroup section */
		06EC783B2BDE63CB004361E1 /* Main.storyboard */ = {
			isa = PBXVariantGroup;
			children = (
				06EC783C2BDE63CB004361E1 /* Base */,
			);
			name = Main.storyboard;
			sourceTree = "<group>";
		};
		06EC78402BDE63CD004361E1 /* LaunchScreen.storyboard */ = {
			isa = PBXVariantGroup;
			children = (
				06EC78412BDE63CD004361E1 /* Base */,
			);
			name = LaunchScreen.storyboard;
			sourceTree = "<group>";
		};
/* End PBXVariantGroup section */

/* Begin XCBuildConfiguration section */
		06EC785A2BDE63CD004361E1 /* Debug */ = {
			isa = XCBuildConfiguration;
			buildSettings = {
				ALWAYS_SEARCH_USER_PATHS = NO;
				ASSETCATALOG_COMPILER_GENERATE_SWIFT_ASSET_SYMBOL_EXTENSIONS = YES;
				CLANG_ANALYZER_NONNULL = YES;
				CLANG_ANALYZER_NUMBER_OBJECT_CONVERSION = YES_AGGRESSIVE;
				CLANG_CXX_LANGUAGE_STANDARD = "gnu++20";
				CLANG_ENABLE_MODULES = YES;
				CLANG_ENABLE_OBJC_ARC = YES;
				CLANG_ENABLE_OBJC_WEAK = YES;
				CLANG_WARN_BLOCK_CAPTURE_AUTORELEASING = YES;
				CLANG_WARN_BOOL_CONVERSION = YES;
				CLANG_WARN_COMMA = YES;
				CLANG_WARN_CONSTANT_CONVERSION = YES;
				CLANG_WARN_DEPRECATED_OBJC_IMPLEMENTATIONS = YES;
				CLANG_WARN_DIRECT_OBJC_ISA_USAGE = YES_ERROR;
				CLANG_WARN_DOCUMENTATION_COMMENTS = YES;
				CLANG_WARN_EMPTY_BODY = YES;
				CLANG_WARN_ENUM_CONVERSION = YES;
				CLANG_WARN_INFINITE_RECURSION = YES;
				CLANG_WARN_INT_CONVERSION = YES;
				CLANG_WARN_NON_LITERAL_NULL_CONVERSION = YES;
				CLANG_WARN_OBJC_IMPLICIT_RETAIN_SELF = YES;
				CLANG_WARN_OBJC_LITERAL_CONVERSION = YES;
				CLANG_WARN_OBJC_ROOT_CLASS = YES_ERROR;
				CLANG_WARN_QUOTED_INCLUDE_IN_FRAMEWORK_HEADER = YES;
				CLANG_WARN_RANGE_LOOP_ANALYSIS = YES;
				CLANG_WARN_STRICT_PROTOTYPES = YES;
				CLANG_WARN_SUSPICIOUS_MOVE = YES;
				CLANG_WARN_UNGUARDED_AVAILABILITY = YES_AGGRESSIVE;
				CLANG_WARN_UNREACHABLE_CODE = YES;
				CLANG_WARN__DUPLICATE_METHOD_MATCH = YES;
				COPY_PHASE_STRIP = NO;
				DEBUG_INFORMATION_FORMAT = dwarf;
				ENABLE_STRICT_OBJC_MSGSEND = YES;
				ENABLE_TESTABILITY = YES;
				ENABLE_USER_SCRIPT_SANDBOXING = YES;
				GCC_C_LANGUAGE_STANDARD = gnu17;
				GCC_DYNAMIC_NO_PIC = NO;
				GCC_NO_COMMON_BLOCKS = YES;
				GCC_OPTIMIZATION_LEVEL = 0;
				GCC_PREPROCESSOR_DEFINITIONS = (
					"DEBUG=1",
					"$(inherited)",
				);
				GCC_WARN_64_TO_32_BIT_CONVERSION = YES;
				GCC_WARN_ABOUT_RETURN_TYPE = YES_ERROR;
				GCC_WARN_UNDECLARED_SELECTOR = YES;
				GCC_WARN_UNINITIALIZED_AUTOS = YES_AGGRESSIVE;
				GCC_WARN_UNUSED_FUNCTION = YES;
				GCC_WARN_UNUSED_VARIABLE = YES;
				IPHONEOS_DEPLOYMENT_TARGET = 17.4;
				LOCALIZATION_PREFERS_STRING_CATALOGS = YES;
				MTL_ENABLE_DEBUG_INFO = INCLUDE_SOURCE;
				MTL_FAST_MATH = YES;
				ONLY_ACTIVE_ARCH = YES;
				SDKROOT = iphoneos;
				SWIFT_ACTIVE_COMPILATION_CONDITIONS = "DEBUG $(inherited)";
				SWIFT_OPTIMIZATION_LEVEL = "-Onone";
			};
			name = Debug;
		};
		06EC785B2BDE63CD004361E1 /* Release */ = {
			isa = XCBuildConfiguration;
			buildSettings = {
				ALWAYS_SEARCH_USER_PATHS = NO;
				ASSETCATALOG_COMPILER_GENERATE_SWIFT_ASSET_SYMBOL_EXTENSIONS = YES;
				CLANG_ANALYZER_NONNULL = YES;
				CLANG_ANALYZER_NUMBER_OBJECT_CONVERSION = YES_AGGRESSIVE;
				CLANG_CXX_LANGUAGE_STANDARD = "gnu++20";
				CLANG_ENABLE_MODULES = YES;
				CLANG_ENABLE_OBJC_ARC = YES;
				CLANG_ENABLE_OBJC_WEAK = YES;
				CLANG_WARN_BLOCK_CAPTURE_AUTORELEASING = YES;
				CLANG_WARN_BOOL_CONVERSION = YES;
				CLANG_WARN_COMMA = YES;
				CLANG_WARN_CONSTANT_CONVERSION = YES;
				CLANG_WARN_DEPRECATED_OBJC_IMPLEMENTATIONS = YES;
				CLANG_WARN_DIRECT_OBJC_ISA_USAGE = YES_ERROR;
				CLANG_WARN_DOCUMENTATION_COMMENTS = YES;
				CLANG_WARN_EMPTY_BODY = YES;
				CLANG_WARN_ENUM_CONVERSION = YES;
				CLANG_WARN_INFINITE_RECURSION = YES;
				CLANG_WARN_INT_CONVERSION = YES;
				CLANG_WARN_NON_LITERAL_NULL_CONVERSION = YES;
				CLANG_WARN_OBJC_IMPLICIT_RETAIN_SELF = YES;
				CLANG_WARN_OBJC_LITERAL_CONVERSION = YES;
				CLANG_WARN_OBJC_ROOT_CLASS = YES_ERROR;
				CLANG_WARN_QUOTED_INCLUDE_IN_FRAMEWORK_HEADER = YES;
				CLANG_WARN_RANGE_LOOP_ANALYSIS = YES;
				CLANG_WARN_STRICT_PROTOTYPES = YES;
				CLANG_WARN_SUSPICIOUS_MOVE = YES;
				CLANG_WARN_UNGUARDED_AVAILABILITY = YES_AGGRESSIVE;
				CLANG_WARN_UNREACHABLE_CODE = YES;
				CLANG_WARN__DUPLICATE_METHOD_MATCH = YES;
				COPY_PHASE_STRIP = NO;
				DEBUG_INFORMATION_FORMAT = "dwarf-with-dsym";
				ENABLE_NS_ASSERTIONS = NO;
				ENABLE_STRICT_OBJC_MSGSEND = YES;
				ENABLE_USER_SCRIPT_SANDBOXING = YES;
				GCC_C_LANGUAGE_STANDARD = gnu17;
				GCC_NO_COMMON_BLOCKS = YES;
				GCC_WARN_64_TO_32_BIT_CONVERSION = YES;
				GCC_WARN_ABOUT_RETURN_TYPE = YES_ERROR;
				GCC_WARN_UNDECLARED_SELECTOR = YES;
				GCC_WARN_UNINITIALIZED_AUTOS = YES_AGGRESSIVE;
				GCC_WARN_UNUSED_FUNCTION = YES;
				GCC_WARN_UNUSED_VARIABLE = YES;
				IPHONEOS_DEPLOYMENT_TARGET = 17.4;
				LOCALIZATION_PREFERS_STRING_CATALOGS = YES;
				MTL_ENABLE_DEBUG_INFO = NO;
				MTL_FAST_MATH = YES;
				SDKROOT = iphoneos;
				SWIFT_COMPILATION_MODE = wholemodule;
				VALIDATE_PRODUCT = YES;
			};
			name = Release;
		};
		06EC785D2BDE63CD004361E1 /* Debug */ = {
			isa = XCBuildConfiguration;
			buildSettings = {
				ASSETCATALOG_COMPILER_APPICON_NAME = AppIcon;
				ASSETCATALOG_COMPILER_GLOBAL_ACCENT_COLOR_NAME = AccentColor;
				CODE_SIGN_STYLE = Automatic;
				CURRENT_PROJECT_VERSION = 1;
				GENERATE_INFOPLIST_FILE = YES;
				INFOPLIST_FILE = TabbarKullanimi/Info.plist;
				INFOPLIST_KEY_UIApplicationSupportsIndirectInputEvents = YES;
				INFOPLIST_KEY_UILaunchStoryboardName = LaunchScreen;
				INFOPLIST_KEY_UIMainStoryboardFile = Main;
				INFOPLIST_KEY_UISupportedInterfaceOrientations_iPad = "UIInterfaceOrientationPortrait UIInterfaceOrientationPortraitUpsideDown UIInterfaceOrientationLandscapeLeft UIInterfaceOrientationLandscapeRight";
				INFOPLIST_KEY_UISupportedInterfaceOrientations_iPhone = "UIInterfaceOrientationPortrait UIInterfaceOrientationLandscapeLeft UIInterfaceOrientationLandscapeRight";
				LD_RUNPATH_SEARCH_PATHS = (
					"$(inherited)",
					"@executable_path/Frameworks",
				);
				MARKETING_VERSION = 1.0;
				PRODUCT_BUNDLE_IDENTIFIER = com.info.TabbarKullanimi;
				PRODUCT_NAME = "$(TARGET_NAME)";
				SWIFT_EMIT_LOC_STRINGS = YES;
				SWIFT_VERSION = 5.0;
				TARGETED_DEVICE_FAMILY = "1,2";
			};
			name = Debug;
		};
		06EC785E2BDE63CD004361E1 /* Release */ = {
			isa = XCBuildConfiguration;
			buildSettings = {
				ASSETCATALOG_COMPILER_APPICON_NAME = AppIcon;
				ASSETCATALOG_COMPILER_GLOBAL_ACCENT_COLOR_NAME = AccentColor;
				CODE_SIGN_STYLE = Automatic;
				CURRENT_PROJECT_VERSION = 1;
				GENERATE_INFOPLIST_FILE = YES;
				INFOPLIST_FILE = TabbarKullanimi/Info.plist;
				INFOPLIST_KEY_UIApplicationSupportsIndirectInputEvents = YES;
				INFOPLIST_KEY_UILaunchStoryboardName = LaunchScreen;
				INFOPLIST_KEY_UIMainStoryboardFile = Main;
				INFOPLIST_KEY_UISupportedInterfaceOrientations_iPad = "UIInterfaceOrientationPortrait UIInterfaceOrientationPortraitUpsideDown UIInterfaceOrientationLandscapeLeft UIInterfaceOrientationLandscapeRight";
				INFOPLIST_KEY_UISupportedInterfaceOrientations_iPhone = "UIInterfaceOrientationPortrait UIInterfaceOrientationLandscapeLeft UIInterfaceOrientationLandscapeRight";
				LD_RUNPATH_SEARCH_PATHS = (
					"$(inherited)",
					"@executable_path/Frameworks",
				);
				MARKETING_VERSION = 1.0;
				PRODUCT_BUNDLE_IDENTIFIER = com.info.TabbarKullanimi;
				PRODUCT_NAME = "$(TARGET_NAME)";
				SWIFT_EMIT_LOC_STRINGS = YES;
				SWIFT_VERSION = 5.0;
				TARGETED_DEVICE_FAMILY = "1,2";
			};
			name = Release;
		};
		06EC78602BDE63CD004361E1 /* Debug */ = {
			isa = XCBuildConfiguration;
			buildSettings = {
				ALWAYS_EMBED_SWIFT_STANDARD_LIBRARIES = YES;
				BUNDLE_LOADER = "$(TEST_HOST)";
				CODE_SIGN_STYLE = Automatic;
				CURRENT_PROJECT_VERSION = 1;
				GENERATE_INFOPLIST_FILE = YES;
				IPHONEOS_DEPLOYMENT_TARGET = 17.4;
				MARKETING_VERSION = 1.0;
				PRODUCT_BUNDLE_IDENTIFIER = com.info.TabbarKullanimiTests;
				PRODUCT_NAME = "$(TARGET_NAME)";
				SWIFT_EMIT_LOC_STRINGS = NO;
				SWIFT_VERSION = 5.0;
				TARGETED_DEVICE_FAMILY = "1,2";
				TEST_HOST = "$(BUILT_PRODUCTS_DIR)/TabbarKullanimi.app/$(BUNDLE_EXECUTABLE_FOLDER_PATH)/TabbarKullanimi";
			};
			name = Debug;
		};
		06EC78612BDE63CD004361E1 /* Release */ = {
			isa = XCBuildConfiguration;
			buildSettings = {
				ALWAYS_EMBED_SWIFT_STANDARD_LIBRARIES = YES;
				BUNDLE_LOADER = "$(TEST_HOST)";
				CODE_SIGN_STYLE = Automatic;
				CURRENT_PROJECT_VERSION = 1;
				GENERATE_INFOPLIST_FILE = YES;
				IPHONEOS_DEPLOYMENT_TARGET = 17.4;
				MARKETING_VERSION = 1.0;
				PRODUCT_BUNDLE_IDENTIFIER = com.info.TabbarKullanimiTests;
				PRODUCT_NAME = "$(TARGET_NAME)";
				SWIFT_EMIT_LOC_STRINGS = NO;
				SWIFT_VERSION = 5.0;
				TARGETED_DEVICE_FAMILY = "1,2";
				TEST_HOST = "$(BUILT_PRODUCTS_DIR)/TabbarKullanimi.app/$(BUNDLE_EXECUTABLE_FOLDER_PATH)/TabbarKullanimi";
			};
			name = Release;
		};
		06EC78632BDE63CD004361E1 /* Debug */ = {
			isa = XCBuildConfiguration;
			buildSettings = {
				ALWAYS_EMBED_SWIFT_STANDARD_LIBRARIES = YES;
				CODE_SIGN_STYLE = Automatic;
				CURRENT_PROJECT_VERSION = 1;
				GENERATE_INFOPLIST_FILE = YES;
				MARKETING_VERSION = 1.0;
				PRODUCT_BUNDLE_IDENTIFIER = com.info.TabbarKullanimiUITests;
				PRODUCT_NAME = "$(TARGET_NAME)";
				SWIFT_EMIT_LOC_STRINGS = NO;
				SWIFT_VERSION = 5.0;
				TARGETED_DEVICE_FAMILY = "1,2";
				TEST_TARGET_NAME = TabbarKullanimi;
			};
			name = Debug;
		};
		06EC78642BDE63CD004361E1 /* Release */ = {
			isa = XCBuildConfiguration;
			buildSettings = {
				ALWAYS_EMBED_SWIFT_STANDARD_LIBRARIES = YES;
				CODE_SIGN_STYLE = Automatic;
				CURRENT_PROJECT_VERSION = 1;
				GENERATE_INFOPLIST_FILE = YES;
				MARKETING_VERSION = 1.0;
				PRODUCT_BUNDLE_IDENTIFIER = com.info.TabbarKullanimiUITests;
				PRODUCT_NAME = "$(TARGET_NAME)";
				SWIFT_EMIT_LOC_STRINGS = NO;
				SWIFT_VERSION = 5.0;
				TARGETED_DEVICE_FAMILY = "1,2";
				TEST_TARGET_NAME = TabbarKullanimi;
			};
			name = Release;
		};
/* End XCBuildConfiguration section */

/* Begin XCConfigurationList section */
		06EC782D2BDE63CB004361E1 /* Build configuration list for PBXProject "TabbarKullanimi" */ = {
			isa = XCConfigurationList;
			buildConfigurations = (
				06EC785A2BDE63CD004361E1 /* Debug */,
				06EC785B2BDE63CD004361E1 /* Release */,
			);
			defaultConfigurationIsVisible = 0;
			defaultConfigurationName = Release;
		};
		06EC785C2BDE63CD004361E1 /* Build configuration list for PBXNativeTarget "TabbarKullanimi" */ = {
			isa = XCConfigurationList;
			buildConfigurations = (
				06EC785D2BDE63CD004361E1 /* Debug */,
				06EC785E2BDE63CD004361E1 /* Release */,
			);
			defaultConfigurationIsVisible = 0;
			defaultConfigurationName = Release;
		};
		06EC785F2BDE63CD004361E1 /* Build configuration list for PBXNativeTarget "TabbarKullanimiTests" */ = {
			isa = XCConfigurationList;
			buildConfigurations = (
				06EC78602BDE63CD004361E1 /* Debug */,
				06EC78612BDE63CD004361E1 /* Release */,
			);
			defaultConfigurationIsVisible = 0;
			defaultConfigurationName = Release;
		};
		06EC78622BDE63CD004361E1 /* Build configuration list for PBXNativeTarget "TabbarKullanimiUITests" */ = {
			isa = XCConfigurationList;
			buildConfigurations = (
				06EC78632BDE63CD004361E1 /* Debug */,
				06EC78642BDE63CD004361E1 /* Release */,
			);
			defaultConfigurationIsVisible = 0;
			defaultConfigurationName = Release;
		};
/* End XCConfigurationList section */
	};
	rootObject = 06EC782A2BDE63CB004361E1 /* Project object */;
}
