// !$*UTF8*$!
{
	archiveVersion = 1;
	classes = {
	};
	objectVersion = 56;
	objects = {

/* Begin PBXBuildFile section */
		06E6E71E2BDF834100534220 /* AppDelegate.swift in Sources */ = {isa = PBXBuildFile; fileRef = 06E6E71D2BDF834100534220 /* AppDelegate.swift */; };
		06E6E7202BDF834100534220 /* SceneDelegate.swift in Sources */ = {isa = PBXBuildFile; fileRef = 06E6E71F2BDF834100534220 /* SceneDelegate.swift */; };
		06E6E7222BDF834100534220 /* ViewController.swift in Sources */ = {isa = PBXBuildFile; fileRef = 06E6E7212BDF834100534220 /* ViewController.swift */; };
		06E6E7252BDF834100534220 /* Base in Resources */ = {isa = PBXBuildFile; fileRef = 06E6E7242BDF834100534220 /* Base */; };
		06E6E7272BDF834300534220 /* Assets.xcassets in Resources */ = {isa = PBXBuildFile; fileRef = 06E6E7262BDF834300534220 /* Assets.xcassets */; };
		06E6E72A2BDF834300534220 /* Base in Resources */ = {isa = PBXBuildFile; fileRef = 06E6E7292BDF834300534220 /* Base */; };
		06E6E7352BDF834300534220 /* KullaniciEtkilesimiTests.swift in Sources */ = {isa = PBXBuildFile; fileRef = 06E6E7342BDF834300534220 /* KullaniciEtkilesimiTests.swift */; };
		06E6E73F2BDF834300534220 /* KullaniciEtkilesimiUITests.swift in Sources */ = {isa = PBXBuildFile; fileRef = 06E6E73E2BDF834300534220 /* KullaniciEtkilesimiUITests.swift */; };
		06E6E7412BDF834300534220 /* KullaniciEtkilesimiUITestsLaunchTests.swift in Sources */ = {isa = PBXBuildFile; fileRef = 06E6E7402BDF834300534220 /* KullaniciEtkilesimiUITestsLaunchTests.swift */; };
/* End PBXBuildFile section */

/* Begin PBXContainerItemProxy section */
		06E6E7312BDF834300534220 /* PBXContainerItemProxy */ = {
			isa = PBXContainerItemProxy;
			containerPortal = 06E6E7122BDF834100534220 /* Project object */;
			proxyType = 1;
			remoteGlobalIDString = 06E6E7192BDF834100534220;
			remoteInfo = KullaniciEtkilesimi;
		};
		06E6E73B2BDF834300534220 /* PBXContainerItemProxy */ = {
			isa = PBXContainerItemProxy;
			containerPortal = 06E6E7122BDF834100534220 /* Project object */;
			proxyType = 1;
			remoteGlobalIDString = 06E6E7192BDF834100534220;
			remoteInfo = KullaniciEtkilesimi;
		};
/* End PBXContainerItemProxy section */

/* Begin PBXFileReference section */
		06E6E71A2BDF834100534220 /* KullaniciEtkilesimi.app */ = {isa = PBXFileReference; explicitFileType = wrapper.application; includeInIndex = 0; path = KullaniciEtkilesimi.app; sourceTree = BUILT_PRODUCTS_DIR; };
		06E6E71D2BDF834100534220 /* AppDelegate.swift */ = {isa = PBXFileReference; lastKnownFileType = sourcecode.swift; path = AppDelegate.swift; sourceTree = "<group>"; };
		06E6E71F2BDF834100534220 /* SceneDelegate.swift */ = {isa = PBXFileReference; lastKnownFileType = sourcecode.swift; path = SceneDelegate.swift; sourceTree = "<group>"; };
		06E6E7212BDF834100534220 /* ViewController.swift */ = {isa = PBXFileReference; lastKnownFileType = sourcecode.swift; path = ViewController.swift; sourceTree = "<group>"; };
		06E6E7242BDF834100534220 /* Base */ = {isa = PBXFileReference; lastKnownFileType = file.storyboard; name = Base; path = Base.lproj/Main.storyboard; sourceTree = "<group>"; };
		06E6E7262BDF834300534220 /* Assets.xcassets */ = {isa = PBXFileReference; lastKnownFileType = folder.assetcatalog; path = Assets.xcassets; sourceTree = "<group>"; };
		06E6E7292BDF834300534220 /* Base */ = {isa = PBXFileReference; lastKnownFileType = file.storyboard; name = Base; path = Base.lproj/LaunchScreen.storyboard; sourceTree = "<group>"; };
		06E6E72B2BDF834300534220 /* Info.plist */ = {isa = PBXFileReference; lastKnownFileType = text.plist.xml; path = Info.plist; sourceTree = "<group>"; };
		06E6E7302BDF834300534220 /* KullaniciEtkilesimiTests.xctest */ = {isa = PBXFileReference; explicitFileType = wrapper.cfbundle; includeInIndex = 0; path = KullaniciEtkilesimiTests.xctest; sourceTree = BUILT_PRODUCTS_DIR; };
		06E6E7342BDF834300534220 /* KullaniciEtkilesimiTests.swift */ = {isa = PBXFileReference; lastKnownFileType = sourcecode.swift; path = KullaniciEtkilesimiTests.swift; sourceTree = "<group>"; };
		06E6E73A2BDF834300534220 /* KullaniciEtkilesimiUITests.xctest */ = {isa = PBXFileReference; explicitFileType = wrapper.cfbundle; includeInIndex = 0; path = KullaniciEtkilesimiUITests.xctest; sourceTree = BUILT_PRODUCTS_DIR; };
		06E6E73E2BDF834300534220 /* KullaniciEtkilesimiUITests.swift */ = {isa = PBXFileReference; lastKnownFileType = sourcecode.swift; path = KullaniciEtkilesimiUITests.swift; sourceTree = "<group>"; };
		06E6E7402BDF834300534220 /* KullaniciEtkilesimiUITestsLaunchTests.swift */ = {isa = PBXFileReference; lastKnownFileType = sourcecode.swift; path = KullaniciEtkilesimiUITestsLaunchTests.swift; sourceTree = "<group>"; };
/* End PBXFileReference section */

/* Begin PBXFrameworksBuildPhase section */
		06E6E7172BDF834100534220 /* Frameworks */ = {
			isa = PBXFrameworksBuildPhase;
			buildActionMask = 2147483647;
			files = (
			);
			runOnlyForDeploymentPostprocessing = 0;
		};
		06E6E72D2BDF834300534220 /* Frameworks */ = {
			isa = PBXFrameworksBuildPhase;
			buildActionMask = 2147483647;
			files = (
			);
			runOnlyForDeploymentPostprocessing = 0;
		};
		06E6E7372BDF834300534220 /* Frameworks */ = {
			isa = PBXFrameworksBuildPhase;
			buildActionMask = 2147483647;
			files = (
			);
			runOnlyForDeploymentPostprocessing = 0;
		};
/* End PBXFrameworksBuildPhase section */

/* Begin PBXGroup section */
		06E6E7112BDF834100534220 = {
			isa = PBXGroup;
			children = (
				06E6E71C2BDF834100534220 /* KullaniciEtkilesimi */,
				06E6E7332BDF834300534220 /* KullaniciEtkilesimiTests */,
				06E6E73D2BDF834300534220 /* KullaniciEtkilesimiUITests */,
				06E6E71B2BDF834100534220 /* Products */,
			);
			sourceTree = "<group>";
		};
		06E6E71B2BDF834100534220 /* Products */ = {
			isa = PBXGroup;
			children = (
				06E6E71A2BDF834100534220 /* KullaniciEtkilesimi.app */,
				06E6E7302BDF834300534220 /* KullaniciEtkilesimiTests.xctest */,
				06E6E73A2BDF834300534220 /* KullaniciEtkilesimiUITests.xctest */,
			);
			name = Products;
			sourceTree = "<group>";
		};
		06E6E71C2BDF834100534220 /* KullaniciEtkilesimi */ = {
			isa = PBXGroup;
			children = (
				06E6E71D2BDF834100534220 /* AppDelegate.swift */,
				06E6E71F2BDF834100534220 /* SceneDelegate.swift */,
				06E6E7212BDF834100534220 /* ViewController.swift */,
				06E6E7232BDF834100534220 /* Main.storyboard */,
				06E6E7262BDF834300534220 /* Assets.xcassets */,
				06E6E7282BDF834300534220 /* LaunchScreen.storyboard */,
				06E6E72B2BDF834300534220 /* Info.plist */,
			);
			path = KullaniciEtkilesimi;
			sourceTree = "<group>";
		};
		06E6E7332BDF834300534220 /* KullaniciEtkilesimiTests */ = {
			isa = PBXGroup;
			children = (
				06E6E7342BDF834300534220 /* KullaniciEtkilesimiTests.swift */,
			);
			path = KullaniciEtkilesimiTests;
			sourceTree = "<group>";
		};
		06E6E73D2BDF834300534220 /* KullaniciEtkilesimiUITests */ = {
			isa = PBXGroup;
			children = (
				06E6E73E2BDF834300534220 /* KullaniciEtkilesimiUITests.swift */,
				06E6E7402BDF834300534220 /* KullaniciEtkilesimiUITestsLaunchTests.swift */,
			);
			path = KullaniciEtkilesimiUITests;
			sourceTree = "<group>";
		};
/* End PBXGroup section */

/* Begin PBXNativeTarget section */
		06E6E7192BDF834100534220 /* KullaniciEtkilesimi */ = {
			isa = PBXNativeTarget;
			buildConfigurationList = 06E6E7442BDF834300534220 /* Build configuration list for PBXNativeTarget "KullaniciEtkilesimi" */;
			buildPhases = (
				06E6E7162BDF834100534220 /* Sources */,
				06E6E7172BDF834100534220 /* Frameworks */,
				06E6E7182BDF834100534220 /* Resources */,
			);
			buildRules = (
			);
			dependencies = (
			);
			name = KullaniciEtkilesimi;
			productName = KullaniciEtkilesimi;
			productReference = 06E6E71A2BDF834100534220 /* KullaniciEtkilesimi.app */;
			productType = "com.apple.product-type.application";
		};
		06E6E72F2BDF834300534220 /* KullaniciEtkilesimiTests */ = {
			isa = PBXNativeTarget;
			buildConfigurationList = 06E6E7472BDF834300534220 /* Build configuration list for PBXNativeTarget "KullaniciEtkilesimiTests" */;
			buildPhases = (
				06E6E72C2BDF834300534220 /* Sources */,
				06E6E72D2BDF834300534220 /* Frameworks */,
				06E6E72E2BDF834300534220 /* Resources */,
			);
			buildRules = (
			);
			dependencies = (
				06E6E7322BDF834300534220 /* PBXTargetDependency */,
			);
			name = KullaniciEtkilesimiTests;
			productName = KullaniciEtkilesimiTests;
			productReference = 06E6E7302BDF834300534220 /* KullaniciEtkilesimiTests.xctest */;
			productType = "com.apple.product-type.bundle.unit-test";
		};
		06E6E7392BDF834300534220 /* KullaniciEtkilesimiUITests */ = {
			isa = PBXNativeTarget;
			buildConfigurationList = 06E6E74A2BDF834300534220 /* Build configuration list for PBXNativeTarget "KullaniciEtkilesimiUITests" */;
			buildPhases = (
				06E6E7362BDF834300534220 /* Sources */,
				06E6E7372BDF834300534220 /* Frameworks */,
				06E6E7382BDF834300534220 /* Resources */,
			);
			buildRules = (
			);
			dependencies = (
				06E6E73C2BDF834300534220 /* PBXTargetDependency */,
			);
			name = KullaniciEtkilesimiUITests;
			productName = KullaniciEtkilesimiUITests;
			productReference = 06E6E73A2BDF834300534220 /* KullaniciEtkilesimiUITests.xctest */;
			productType = "com.apple.product-type.bundle.ui-testing";
		};
/* End PBXNativeTarget section */

/* Begin PBXProject section */
		06E6E7122BDF834100534220 /* Project object */ = {
			isa = PBXProject;
			attributes = {
				BuildIndependentTargetsInParallel = 1;
				LastSwiftUpdateCheck = 1530;
				LastUpgradeCheck = 1530;
				TargetAttributes = {
					06E6E7192BDF834100534220 = {
						CreatedOnToolsVersion = 15.3;
					};
					06E6E72F2BDF834300534220 = {
						CreatedOnToolsVersion = 15.3;
						TestTargetID = 06E6E7192BDF834100534220;
					};
					06E6E7392BDF834300534220 = {
						CreatedOnToolsVersion = 15.3;
						TestTargetID = 06E6E7192BDF834100534220;
					};
				};
			};
			buildConfigurationList = 06E6E7152BDF834100534220 /* Build configuration list for PBXProject "KullaniciEtkilesimi" */;
			compatibilityVersion = "Xcode 14.0";
			developmentRegion = en;
			hasScannedForEncodings = 0;
			knownRegions = (
				en,
				Base,
			);
			mainGroup = 06E6E7112BDF834100534220;
			productRefGroup = 06E6E71B2BDF834100534220 /* Products */;
			projectDirPath = "";
			projectRoot = "";
			targets = (
				06E6E7192BDF834100534220 /* KullaniciEtkilesimi */,
				06E6E72F2BDF834300534220 /* KullaniciEtkilesimiTests */,
				06E6E7392BDF834300534220 /* KullaniciEtkilesimiUITests */,
			);
		};
/* End PBXProject section */

/* Begin PBXResourcesBuildPhase section */
		06E6E7182BDF834100534220 /* Resources */ = {
			isa = PBXResourcesBuildPhase;
			buildActionMask = 2147483647;
			files = (
				06E6E7272BDF834300534220 /* Assets.xcassets in Resources */,
				06E6E72A2BDF834300534220 /* Base in Resources */,
				06E6E7252BDF834100534220 /* Base in Resources */,
			);
			runOnlyForDeploymentPostprocessing = 0;
		};
		06E6E72E2BDF834300534220 /* Resources */ = {
			isa = PBXResourcesBuildPhase;
			buildActionMask = 2147483647;
			files = (
			);
			runOnlyForDeploymentPostprocessing = 0;
		};
		06E6E7382BDF834300534220 /* Resources */ = {
			isa = PBXResourcesBuildPhase;
			buildActionMask = 2147483647;
			files = (
			);
			runOnlyForDeploymentPostprocessing = 0;
		};
/* End PBXResourcesBuildPhase section */

/* Begin PBXSourcesBuildPhase section */
		06E6E7162BDF834100534220 /* Sources */ = {
			isa = PBXSourcesBuildPhase;
			buildActionMask = 2147483647;
			files = (
				06E6E7222BDF834100534220 /* ViewController.swift in Sources */,
				06E6E71E2BDF834100534220 /* AppDelegate.swift in Sources */,
				06E6E7202BDF834100534220 /* SceneDelegate.swift in Sources */,
			);
			runOnlyForDeploymentPostprocessing = 0;
		};
		06E6E72C2BDF834300534220 /* Sources */ = {
			isa = PBXSourcesBuildPhase;
			buildActionMask = 2147483647;
			files = (
				06E6E7352BDF834300534220 /* KullaniciEtkilesimiTests.swift in Sources */,
			);
			runOnlyForDeploymentPostprocessing = 0;
		};
		06E6E7362BDF834300534220 /* Sources */ = {
			isa = PBXSourcesBuildPhase;
			buildActionMask = 2147483647;
			files = (
				06E6E73F2BDF834300534220 /* KullaniciEtkilesimiUITests.swift in Sources */,
				06E6E7412BDF834300534220 /* KullaniciEtkilesimiUITestsLaunchTests.swift in Sources */,
			);
			runOnlyForDeploymentPostprocessing = 0;
		};
/* End PBXSourcesBuildPhase section */

/* Begin PBXTargetDependency section */
		06E6E7322BDF834300534220 /* PBXTargetDependency */ = {
			isa = PBXTargetDependency;
			target = 06E6E7192BDF834100534220 /* KullaniciEtkilesimi */;
			targetProxy = 06E6E7312BDF834300534220 /* PBXContainerItemProxy */;
		};
		06E6E73C2BDF834300534220 /* PBXTargetDependency */ = {
			isa = PBXTargetDependency;
			target = 06E6E7192BDF834100534220 /* KullaniciEtkilesimi */;
			targetProxy = 06E6E73B2BDF834300534220 /* PBXContainerItemProxy */;
		};
/* End PBXTargetDependency section */

/* Begin PBXVariantGroup section */
		06E6E7232BDF834100534220 /* Main.storyboard */ = {
			isa = PBXVariantGroup;
			children = (
				06E6E7242BDF834100534220 /* Base */,
			);
			name = Main.storyboard;
			sourceTree = "<group>";
		};
		06E6E7282BDF834300534220 /* LaunchScreen.storyboard */ = {
			isa = PBXVariantGroup;
			children = (
				06E6E7292BDF834300534220 /* Base */,
			);
			name = LaunchScreen.storyboard;
			sourceTree = "<group>";
		};
/* End PBXVariantGroup section */

/* Begin XCBuildConfiguration section */
		06E6E7422BDF834300534220 /* Debug */ = {
			isa = XCBuildConfiguration;
			buildSettings = {
				ALWAYS_SEARCH_USER_PATHS = NO;
				ASSETCATALOG_COMPILER_GENERATE_SWIFT_ASSET_SYMBOL_EXTENSIONS = YES;
				CLANG_ANALYZER_NONNULL = YES;
				CLANG_ANALYZER_NUMBER_OBJECT_CONVERSION = YES_AGGRESSIVE;
				CLANG_CXX_LANGUAGE_STANDARD = "gnu++20";
				CLANG_ENABLE_MODULES = YES;
				CLANG_ENABLE_OBJC_ARC = YES;
				CLANG_ENABLE_OBJC_WEAK = YES;
				CLANG_WARN_BLOCK_CAPTURE_AUTORELEASING = YES;
				CLANG_WARN_BOOL_CONVERSION = YES;
				CLANG_WARN_COMMA = YES;
				CLANG_WARN_CONSTANT_CONVERSION = YES;
				CLANG_WARN_DEPRECATED_OBJC_IMPLEMENTATIONS = YES;
				CLANG_WARN_DIRECT_OBJC_ISA_USAGE = YES_ERROR;
				CLANG_WARN_DOCUMENTATION_COMMENTS = YES;
				CLANG_WARN_EMPTY_BODY = YES;
				CLANG_WARN_ENUM_CONVERSION = YES;
				CLANG_WARN_INFINITE_RECURSION = YES;
				CLANG_WARN_INT_CONVERSION = YES;
				CLANG_WARN_NON_LITERAL_NULL_CONVERSION = YES;
				CLANG_WARN_OBJC_IMPLICIT_RETAIN_SELF = YES;
				CLANG_WARN_OBJC_LITERAL_CONVERSION = YES;
				CLANG_WARN_OBJC_ROOT_CLASS = YES_ERROR;
				CLANG_WARN_QUOTED_INCLUDE_IN_FRAMEWORK_HEADER = YES;
				CLANG_WARN_RANGE_LOOP_ANALYSIS = YES;
				CLANG_WARN_STRICT_PROTOTYPES = YES;
				CLANG_WARN_SUSPICIOUS_MOVE = YES;
				CLANG_WARN_UNGUARDED_AVAILABILITY = YES_AGGRESSIVE;
				CLANG_WARN_UNREACHABLE_CODE = YES;
				CLANG_WARN__DUPLICATE_METHOD_MATCH = YES;
				COPY_PHASE_STRIP = NO;
				DEBUG_INFORMATION_FORMAT = dwarf;
				ENABLE_STRICT_OBJC_MSGSEND = YES;
				ENABLE_TESTABILITY = YES;
				ENABLE_USER_SCRIPT_SANDBOXING = YES;
				GCC_C_LANGUAGE_STANDARD = gnu17;
				GCC_DYNAMIC_NO_PIC = NO;
				GCC_NO_COMMON_BLOCKS = YES;
				GCC_OPTIMIZATION_LEVEL = 0;
				GCC_PREPROCESSOR_DEFINITIONS = (
					"DEBUG=1",
					"$(inherited)",
				);
				GCC_WARN_64_TO_32_BIT_CONVERSION = YES;
				GCC_WARN_ABOUT_RETURN_TYPE = YES_ERROR;
				GCC_WARN_UNDECLARED_SELECTOR = YES;
				GCC_WARN_UNINITIALIZED_AUTOS = YES_AGGRESSIVE;
				GCC_WARN_UNUSED_FUNCTION = YES;
				GCC_WARN_UNUSED_VARIABLE = YES;
				IPHONEOS_DEPLOYMENT_TARGET = 17.4;
				LOCALIZATION_PREFERS_STRING_CATALOGS = YES;
				MTL_ENABLE_DEBUG_INFO = INCLUDE_SOURCE;
				MTL_FAST_MATH = YES;
				ONLY_ACTIVE_ARCH = YES;
				SDKROOT = iphoneos;
				SWIFT_ACTIVE_COMPILATION_CONDITIONS = "DEBUG $(inherited)";
				SWIFT_OPTIMIZATION_LEVEL = "-Onone";
			};
			name = Debug;
		};
		06E6E7432BDF834300534220 /* Release */ = {
			isa = XCBuildConfiguration;
			buildSettings = {
				ALWAYS_SEARCH_USER_PATHS = NO;
				ASSETCATALOG_COMPILER_GENERATE_SWIFT_ASSET_SYMBOL_EXTENSIONS = YES;
				CLANG_ANALYZER_NONNULL = YES;
				CLANG_ANALYZER_NUMBER_OBJECT_CONVERSION = YES_AGGRESSIVE;
				CLANG_CXX_LANGUAGE_STANDARD = "gnu++20";
				CLANG_ENABLE_MODULES = YES;
				CLANG_ENABLE_OBJC_ARC = YES;
				CLANG_ENABLE_OBJC_WEAK = YES;
				CLANG_WARN_BLOCK_CAPTURE_AUTORELEASING = YES;
				CLANG_WARN_BOOL_CONVERSION = YES;
				CLANG_WARN_COMMA = YES;
				CLANG_WARN_CONSTANT_CONVERSION = YES;
				CLANG_WARN_DEPRECATED_OBJC_IMPLEMENTATIONS = YES;
				CLANG_WARN_DIRECT_OBJC_ISA_USAGE = YES_ERROR;
				CLANG_WARN_DOCUMENTATION_COMMENTS = YES;
				CLANG_WARN_EMPTY_BODY = YES;
				CLANG_WARN_ENUM_CONVERSION = YES;
				CLANG_WARN_INFINITE_RECURSION = YES;
				CLANG_WARN_INT_CONVERSION = YES;
				CLANG_WARN_NON_LITERAL_NULL_CONVERSION = YES;
				CLANG_WARN_OBJC_IMPLICIT_RETAIN_SELF = YES;
				CLANG_WARN_OBJC_LITERAL_CONVERSION = YES;
				CLANG_WARN_OBJC_ROOT_CLASS = YES_ERROR;
				CLANG_WARN_QUOTED_INCLUDE_IN_FRAMEWORK_HEADER = YES;
				CLANG_WARN_RANGE_LOOP_ANALYSIS = YES;
				CLANG_WARN_STRICT_PROTOTYPES = YES;
				CLANG_WARN_SUSPICIOUS_MOVE = YES;
				CLANG_WARN_UNGUARDED_AVAILABILITY = YES_AGGRESSIVE;
				CLANG_WARN_UNREACHABLE_CODE = YES;
				CLANG_WARN__DUPLICATE_METHOD_MATCH = YES;
				COPY_PHASE_STRIP = NO;
				DEBUG_INFORMATION_FORMAT = "dwarf-with-dsym";
				ENABLE_NS_ASSERTIONS = NO;
				ENABLE_STRICT_OBJC_MSGSEND = YES;
				ENABLE_USER_SCRIPT_SANDBOXING = YES;
				GCC_C_LANGUAGE_STANDARD = gnu17;
				GCC_NO_COMMON_BLOCKS = YES;
				GCC_WARN_64_TO_32_BIT_CONVERSION = YES;
				GCC_WARN_ABOUT_RETURN_TYPE = YES_ERROR;
				GCC_WARN_UNDECLARED_SELECTOR = YES;
				GCC_WARN_UNINITIALIZED_AUTOS = YES_AGGRESSIVE;
				GCC_WARN_UNUSED_FUNCTION = YES;
				GCC_WARN_UNUSED_VARIABLE = YES;
				IPHONEOS_DEPLOYMENT_TARGET = 17.4;
				LOCALIZATION_PREFERS_STRING_CATALOGS = YES;
				MTL_ENABLE_DEBUG_INFO = NO;
				MTL_FAST_MATH = YES;
				SDKROOT = iphoneos;
				SWIFT_COMPILATION_MODE = wholemodule;
				VALIDATE_PRODUCT = YES;
			};
			name = Release;
		};
		06E6E7452BDF834300534220 /* Debug */ = {
			isa = XCBuildConfiguration;
			buildSettings = {
				ASSETCATALOG_COMPILER_APPICON_NAME = AppIcon;
				ASSETCATALOG_COMPILER_GLOBAL_ACCENT_COLOR_NAME = AccentColor;
				CODE_SIGN_STYLE = Automatic;
				CURRENT_PROJECT_VERSION = 1;
				GENERATE_INFOPLIST_FILE = YES;
				INFOPLIST_FILE = KullaniciEtkilesimi/Info.plist;
				INFOPLIST_KEY_UIApplicationSupportsIndirectInputEvents = YES;
				INFOPLIST_KEY_UILaunchStoryboardName = LaunchScreen;
				INFOPLIST_KEY_UIMainStoryboardFile = Main;
				INFOPLIST_KEY_UISupportedInterfaceOrientations_iPad = "UIInterfaceOrientationPortrait UIInterfaceOrientationPortraitUpsideDown UIInterfaceOrientationLandscapeLeft UIInterfaceOrientationLandscapeRight";
				INFOPLIST_KEY_UISupportedInterfaceOrientations_iPhone = "UIInterfaceOrientationPortrait UIInterfaceOrientationLandscapeLeft UIInterfaceOrientationLandscapeRight";
				LD_RUNPATH_SEARCH_PATHS = (
					"$(inherited)",
					"@executable_path/Frameworks",
				);
				MARKETING_VERSION = 1.0;
				PRODUCT_BUNDLE_IDENTIFIER = com.info.KullaniciEtkilesimi;
				PRODUCT_NAME = "$(TARGET_NAME)";
				SWIFT_EMIT_LOC_STRINGS = YES;
				SWIFT_VERSION = 5.0;
				TARGETED_DEVICE_FAMILY = "1,2";
			};
			name = Debug;
		};
		06E6E7462BDF834300534220 /* Release */ = {
			isa = XCBuildConfiguration;
			buildSettings = {
				ASSETCATALOG_COMPILER_APPICON_NAME = AppIcon;
				ASSETCATALOG_COMPILER_GLOBAL_ACCENT_COLOR_NAME = AccentColor;
				CODE_SIGN_STYLE = Automatic;
				CURRENT_PROJECT_VERSION = 1;
				GENERATE_INFOPLIST_FILE = YES;
				INFOPLIST_FILE = KullaniciEtkilesimi/Info.plist;
				INFOPLIST_KEY_UIApplicationSupportsIndirectInputEvents = YES;
				INFOPLIST_KEY_UILaunchStoryboardName = LaunchScreen;
				INFOPLIST_KEY_UIMainStoryboardFile = Main;
				INFOPLIST_KEY_UISupportedInterfaceOrientations_iPad = "UIInterfaceOrientationPortrait UIInterfaceOrientationPortraitUpsideDown UIInterfaceOrientationLandscapeLeft UIInterfaceOrientationLandscapeRight";
				INFOPLIST_KEY_UISupportedInterfaceOrientations_iPhone = "UIInterfaceOrientationPortrait UIInterfaceOrientationLandscapeLeft UIInterfaceOrientationLandscapeRight";
				LD_RUNPATH_SEARCH_PATHS = (
					"$(inherited)",
					"@executable_path/Frameworks",
				);
				MARKETING_VERSION = 1.0;
				PRODUCT_BUNDLE_IDENTIFIER = com.info.KullaniciEtkilesimi;
				PRODUCT_NAME = "$(TARGET_NAME)";
				SWIFT_EMIT_LOC_STRINGS = YES;
				SWIFT_VERSION = 5.0;
				TARGETED_DEVICE_FAMILY = "1,2";
			};
			name = Release;
		};
		06E6E7482BDF834300534220 /* Debug */ = {
			isa = XCBuildConfiguration;
			buildSettings = {
				ALWAYS_EMBED_SWIFT_STANDARD_LIBRARIES = YES;
				BUNDLE_LOADER = "$(TEST_HOST)";
				CODE_SIGN_STYLE = Automatic;
				CURRENT_PROJECT_VERSION = 1;
				GENERATE_INFOPLIST_FILE = YES;
				IPHONEOS_DEPLOYMENT_TARGET = 17.4;
				MARKETING_VERSION = 1.0;
				PRODUCT_BUNDLE_IDENTIFIER = com.info.KullaniciEtkilesimiTests;
				PRODUCT_NAME = "$(TARGET_NAME)";
				SWIFT_EMIT_LOC_STRINGS = NO;
				SWIFT_VERSION = 5.0;
				TARGETED_DEVICE_FAMILY = "1,2";
				TEST_HOST = "$(BUILT_PRODUCTS_DIR)/KullaniciEtkilesimi.app/$(BUNDLE_EXECUTABLE_FOLDER_PATH)/KullaniciEtkilesimi";
			};
			name = Debug;
		};
		06E6E7492BDF834300534220 /* Release */ = {
			isa = XCBuildConfiguration;
			buildSettings = {
				ALWAYS_EMBED_SWIFT_STANDARD_LIBRARIES = YES;
				BUNDLE_LOADER = "$(TEST_HOST)";
				CODE_SIGN_STYLE = Automatic;
				CURRENT_PROJECT_VERSION = 1;
				GENERATE_INFOPLIST_FILE = YES;
				IPHONEOS_DEPLOYMENT_TARGET = 17.4;
				MARKETING_VERSION = 1.0;
				PRODUCT_BUNDLE_IDENTIFIER = com.info.KullaniciEtkilesimiTests;
				PRODUCT_NAME = "$(TARGET_NAME)";
				SWIFT_EMIT_LOC_STRINGS = NO;
				SWIFT_VERSION = 5.0;
				TARGETED_DEVICE_FAMILY = "1,2";
				TEST_HOST = "$(BUILT_PRODUCTS_DIR)/KullaniciEtkilesimi.app/$(BUNDLE_EXECUTABLE_FOLDER_PATH)/KullaniciEtkilesimi";
			};
			name = Release;
		};
		06E6E74B2BDF834300534220 /* Debug */ = {
			isa = XCBuildConfiguration;
			buildSettings = {
				ALWAYS_EMBED_SWIFT_STANDARD_LIBRARIES = YES;
				CODE_SIGN_STYLE = Automatic;
				CURRENT_PROJECT_VERSION = 1;
				GENERATE_INFOPLIST_FILE = YES;
				MARKETING_VERSION = 1.0;
				PRODUCT_BUNDLE_IDENTIFIER = com.info.KullaniciEtkilesimiUITests;
				PRODUCT_NAME = "$(TARGET_NAME)";
				SWIFT_EMIT_LOC_STRINGS = NO;
				SWIFT_VERSION = 5.0;
				TARGETED_DEVICE_FAMILY = "1,2";
				TEST_TARGET_NAME = KullaniciEtkilesimi;
			};
			name = Debug;
		};
		06E6E74C2BDF834300534220 /* Release */ = {
			isa = XCBuildConfiguration;
			buildSettings = {
				ALWAYS_EMBED_SWIFT_STANDARD_LIBRARIES = YES;
				CODE_SIGN_STYLE = Automatic;
				CURRENT_PROJECT_VERSION = 1;
				GENERATE_INFOPLIST_FILE = YES;
				MARKETING_VERSION = 1.0;
				PRODUCT_BUNDLE_IDENTIFIER = com.info.KullaniciEtkilesimiUITests;
				PRODUCT_NAME = "$(TARGET_NAME)";
				SWIFT_EMIT_LOC_STRINGS = NO;
				SWIFT_VERSION = 5.0;
				TARGETED_DEVICE_FAMILY = "1,2";
				TEST_TARGET_NAME = KullaniciEtkilesimi;
			};
			name = Release;
		};
/* End XCBuildConfiguration section */

/* Begin XCConfigurationList section */
		06E6E7152BDF834100534220 /* Build configuration list for PBXProject "KullaniciEtkilesimi" */ = {
			isa = XCConfigurationList;
			buildConfigurations = (
				06E6E7422BDF834300534220 /* Debug */,
				06E6E7432BDF834300534220 /* Release */,
			);
			defaultConfigurationIsVisible = 0;
			defaultConfigurationName = Release;
		};
		06E6E7442BDF834300534220 /* Build configuration list for PBXNativeTarget "KullaniciEtkilesimi" */ = {
			isa = XCConfigurationList;
			buildConfigurations = (
				06E6E7452BDF834300534220 /* Debug */,
				06E6E7462BDF834300534220 /* Release */,
			);
			defaultConfigurationIsVisible = 0;
			defaultConfigurationName = Release;
		};
		06E6E7472BDF834300534220 /* Build configuration list for PBXNativeTarget "KullaniciEtkilesimiTests" */ = {
			isa = XCConfigurationList;
			buildConfigurations = (
				06E6E7482BDF834300534220 /* Debug */,
				06E6E7492BDF834300534220 /* Release */,
			);
			defaultConfigurationIsVisible = 0;
			defaultConfigurationName = Release;
		};
		06E6E74A2BDF834300534220 /* Build configuration list for PBXNativeTarget "KullaniciEtkilesimiUITests" */ = {
			isa = XCConfigurationList;
			buildConfigurations = (
				06E6E74B2BDF834300534220 /* Debug */,
				06E6E74C2BDF834300534220 /* Release */,
			);
			defaultConfigurationIsVisible = 0;
			defaultConfigurationName = Release;
		};
/* End XCConfigurationList section */
	};
	rootObject = 06E6E7122BDF834100534220 /* Project object */;
}
